
Microsoft Visual Studio Solution File, Format Version 12.00
# Visual Studio Version 17
VisualStudioVersion = 17.1.32210.238
MinimumVisualStudioVersion = 10.0.40219.1
Project("{FAE04EC0-301F-11D3-BF4B-00C04F79EFBC}") = "HomeWork9_TelegramBot", "HomeWork9_TelegramBot.csproj", "{0A776EB4-3618-49C7-A081-AB7425769BE4}"
EndProject
Global
	GlobalSection(SolutionConfigurationPlatforms) = preSolution
		Debug|Any CPU = Debug|Any CPU
		Release|Any CPU = Release|Any CPU
	EndGlobalSection
	GlobalSection(ProjectConfigurationPlatforms) = postSolution
		{0A776EB4-3618-49C7-A081-AB7425769BE4}.Debug|Any CPU.ActiveCfg = Debug|Any CPU
		{0A776EB4-3618-49C7-A081-AB7425769BE4}.Debug|Any CPU.Build.0 = Debug|Any CPU
		{0A776EB4-3618-49C7-A081-AB7425769BE4}.Release|Any CPU.ActiveCfg = Release|Any CPU
		{0A776EB4-3618-49C7-A081-AB7425769BE4}.Release|Any CPU.Build.0 = Release|Any CPU
	EndGlobalSection
	GlobalSection(SolutionProperties) = preSolution
		HideSolutionNode = FALSE
	EndGlobalSection
	GlobalSection(ExtensibilityGlobals) = postSolution
		SolutionGuid = {21A0BFAE-A3B4-41D2-A3AA-7553071DCD0D}
	EndGlobalSection
EndGlobal
